
Microsoft Visual Studio Solution File, Format Version 12.00
# Visual Studio Version 17
VisualStudioVersion = 17.9.34622.214
MinimumVisualStudioVersion = 10.0.40219.1
Project("{FAE04EC0-301F-11D3-BF4B-00C04F79EFBC}") = "howto_binary_tree", "howto_binary_tree\howto_binary_tree.csproj", "{FD4D1481-D90F-469F-96F0-A4949F901DFE}"
EndProject
Global
	GlobalSection(SolutionConfigurationPlatforms) = preSolution
		Debug|Any CPU = Debug|Any CPU
		Release|Any CPU = Release|Any CPU
	EndGlobalSection
	GlobalSection(ProjectConfigurationPlatforms) = postSolution
		{FD4D1481-D90F-469F-96F0-A4949F901DFE}.Debug|Any CPU.ActiveCfg = Debug|Any CPU
		{FD4D1481-D90F-469F-96F0-A4949F901DFE}.Debug|Any CPU.Build.0 = Debug|Any CPU
		{FD4D1481-D90F-469F-96F0-A4949F901DFE}.Release|Any CPU.ActiveCfg = Release|Any CPU
		{FD4D1481-D90F-469F-96F0-A4949F901DFE}.Release|Any CPU.Build.0 = Release|Any CPU
	EndGlobalSection
	GlobalSection(SolutionProperties) = preSolution
		HideSolutionNode = FALSE
	EndGlobalSection
	GlobalSection(ExtensibilityGlobals) = postSolution
		SolutionGuid = {B67974F6-0F7E-407D-B6CA-5D70C6FA69DA}
	EndGlobalSection
EndGlobal
